
Microsoft Visual Studio Solution File, Format Version 12.00
# Visual Studio Version 17
VisualStudioVersion = 17.5.33414.496
MinimumVisualStudioVersion = 10.0.40219.1
Project("{FAE04EC0-301F-11D3-BF4B-00C04F79EFBC}") = "JwtWebApi", "JwtWebApi\JwtWebApi.csproj", "{67060AA5-724F-4797-81CB-C01329ECB900}"
EndProject
Global
	GlobalSection(SolutionConfigurationPlatforms) = preSolution
		Debug|Any CPU = Debug|Any CPU
		Release|Any CPU = Release|Any CPU
	EndGlobalSection
	GlobalSection(ProjectConfigurationPlatforms) = postSolution
		{67060AA5-724F-4797-81CB-C01329ECB900}.Debug|Any CPU.ActiveCfg = Debug|Any CPU
		{67060AA5-724F-4797-81CB-C01329ECB900}.Debug|Any CPU.Build.0 = Debug|Any CPU
		{67060AA5-724F-4797-81CB-C01329ECB900}.Release|Any CPU.ActiveCfg = Release|Any CPU
		{67060AA5-724F-4797-81CB-C01329ECB900}.Release|Any CPU.Build.0 = Release|Any CPU
	EndGlobalSection
	GlobalSection(SolutionProperties) = preSolution
		HideSolutionNode = FALSE
	EndGlobalSection
	GlobalSection(ExtensibilityGlobals) = postSolution
		SolutionGuid = {966CF048-B7FE-409A-BD44-7131E59E1979}
	EndGlobalSection
EndGlobal
